
Microsoft Visual Studio Solution File, Format Version 12.00
# Visual Studio 2012
Project("{FAE04EC0-301F-11D3-BF4B-00C04F79EFBC}") = "halloween", "halloween\halloween.csproj", "{C71AF0BA-9DD8-4A5A-8B50-4A03C35B1138}"
EndProject
Global
	GlobalSection(SolutionConfigurationPlatforms) = preSolution
		Debug|Any CPU = Debug|Any CPU
		Release|Any CPU = Release|Any CPU
	EndGlobalSection
	GlobalSection(ProjectConfigurationPlatforms) = postSolution
		{C71AF0BA-9DD8-4A5A-8B50-4A03C35B1138}.Debug|Any CPU.ActiveCfg = Debug|Any CPU
		{C71AF0BA-9DD8-4A5A-8B50-4A03C35B1138}.Debug|Any CPU.Build.0 = Debug|Any CPU
		{C71AF0BA-9DD8-4A5A-8B50-4A03C35B1138}.Release|Any CPU.ActiveCfg = Release|Any CPU
		{C71AF0BA-9DD8-4A5A-8B50-4A03C35B1138}.Release|Any CPU.Build.0 = Release|Any CPU
	EndGlobalSection
EndGlobal
